// !$*UTF8*$!
{
	archiveVersion = 1;
	classes = {
	};
	objectVersion = 46;
	objects = {

/* Begin PBXBuildFile section */
		8DF241ED1DAB90EF006746BF /* main.m in Sources */ = {isa = PBXBuildFile; fileRef = 8DF241EC1DAB90EF006746BF /* main.m */; };
		8DF241F01DAB90EF006746BF /* AppDelegate.m in Sources */ = {isa = PBXBuildFile; fileRef = 8DF241EF1DAB90EF006746BF /* AppDelegate.m */; };
		8DF241F31DAB90EF006746BF /* ViewController.m in Sources */ = {isa = PBXBuildFile; fileRef = 8DF241F21DAB90EF006746BF /* ViewController.m */; };
		8DF241F61DAB90EF006746BF /* Main.storyboard in Resources */ = {isa = PBXBuildFile; fileRef = 8DF241F41DAB90EF006746BF /* Main.storyboard */; };
		8DF241F81DAB90EF006746BF /* Assets.xcassets in Resources */ = {isa = PBXBuildFile; fileRef = 8DF241F71DAB90EF006746BF /* Assets.xcassets */; };
		8DF241FB1DAB90EF006746BF /* LaunchScreen.storyboard in Resources */ = {isa = PBXBuildFile; fileRef = 8DF241F91DAB90EF006746BF /* LaunchScreen.storyboard */; };
		8DF242061DAB90EF006746BF /* Steven_RichTextTests.m in Sources */ = {isa = PBXBuildFile; fileRef = 8DF242051DAB90EF006746BF /* Steven_RichTextTests.m */; };
		8DF242111DAB90EF006746BF /* Steven_RichTextUITests.m in Sources */ = {isa = PBXBuildFile; fileRef = 8DF242101DAB90EF006746BF /* Steven_RichTextUITests.m */; };
		8DF242201DAB912A006746BF /* RootViewController.m in Sources */ = {isa = PBXBuildFile; fileRef = 8DF2421F1DAB912A006746BF /* RootViewController.m */; };
		8DF242221DAB9197006746BF /* richTextEditor.html in Resources */ = {isa = PBXBuildFile; fileRef = 8DF242211DAB9197006746BF /* richTextEditor.html */; };
/* End PBXBuildFile section */

/* Begin PBXContainerItemProxy section */
		8DF242021DAB90EF006746BF /* PBXContainerItemProxy */ = {
			isa = PBXContainerItemProxy;
			containerPortal = 8DF241E01DAB90EF006746BF /* Project object */;
			proxyType = 1;
			remoteGlobalIDString = 8DF241E71DAB90EF006746BF;
			remoteInfo = Steven_RichText;
		};
		8DF2420D1DAB90EF006746BF /* PBXContainerItemProxy */ = {
			isa = PBXContainerItemProxy;
			containerPortal = 8DF241E01DAB90EF006746BF /* Project object */;
			proxyType = 1;
			remoteGlobalIDString = 8DF241E71DAB90EF006746BF;
			remoteInfo = Steven_RichText;
		};
/* End PBXContainerItemProxy section */

/* Begin PBXFileReference section */
		8DF241E81DAB90EF006746BF /* Steven_RichText.app */ = {isa = PBXFileReference; explicitFileType = wrapper.application; includeInIndex = 0; path = Steven_RichText.app; sourceTree = BUILT_PRODUCTS_DIR; };
		8DF241EC1DAB90EF006746BF /* main.m */ = {isa = PBXFileReference; lastKnownFileType = sourcecode.c.objc; path = main.m; sourceTree = "<group>"; };
		8DF241EE1DAB90EF006746BF /* AppDelegate.h */ = {isa = PBXFileReference; lastKnownFileType = sourcecode.c.h; path = AppDelegate.h; sourceTree = "<group>"; };
		8DF241EF1DAB90EF006746BF /* AppDelegate.m */ = {isa = PBXFileReference; lastKnownFileType = sourcecode.c.objc; path = AppDelegate.m; sourceTree = "<group>"; };
		8DF241F11DAB90EF006746BF /* ViewController.h */ = {isa = PBXFileReference; lastKnownFileType = sourcecode.c.h; path = ViewController.h; sourceTree = "<group>"; };
		8DF241F21DAB90EF006746BF /* ViewController.m */ = {isa = PBXFileReference; lastKnownFileType = sourcecode.c.objc; path = ViewController.m; sourceTree = "<group>"; };
		8DF241F51DAB90EF006746BF /* Base */ = {isa = PBXFileReference; lastKnownFileType = file.storyboard; name = Base; path = Base.lproj/Main.storyboard; sourceTree = "<group>"; };
		8DF241F71DAB90EF006746BF /* Assets.xcassets */ = {isa = PBXFileReference; lastKnownFileType = folder.assetcatalog; path = Assets.xcassets; sourceTree = "<group>"; };
		8DF241FA1DAB90EF006746BF /* Base */ = {isa = PBXFileReference; lastKnownFileType = file.storyboard; name = Base; path = Base.lproj/LaunchScreen.storyboard; sourceTree = "<group>"; };
		8DF241FC1DAB90EF006746BF /* Info.plist */ = {isa = PBXFileReference; lastKnownFileType = text.plist.xml; path = Info.plist; sourceTree = "<group>"; };
		8DF242011DAB90EF006746BF /* Steven_RichTextTests.xctest */ = {isa = PBXFileReference; explicitFileType = wrapper.cfbundle; includeInIndex = 0; path = Steven_RichTextTests.xctest; sourceTree = BUILT_PRODUCTS_DIR; };
		8DF242051DAB90EF006746BF /* Steven_RichTextTests.m */ = {isa = PBXFileReference; lastKnownFileType = sourcecode.c.objc; path = Steven_RichTextTests.m; sourceTree = "<group>"; };
		8DF242071DAB90EF006746BF /* Info.plist */ = {isa = PBXFileReference; lastKnownFileType = text.plist.xml; path = Info.plist; sourceTree = "<group>"; };
		8DF2420C1DAB90EF006746BF /* Steven_RichTextUITests.xctest */ = {isa = PBXFileReference; explicitFileType = wrapper.cfbundle; includeInIndex = 0; path = Steven_RichTextUITests.xctest; sourceTree = BUILT_PRODUCTS_DIR; };
		8DF242101DAB90EF006746BF /* Steven_RichTextUITests.m */ = {isa = PBXFileReference; lastKnownFileType = sourcecode.c.objc; path = Steven_RichTextUITests.m; sourceTree = "<group>"; };
		8DF242121DAB90EF006746BF /* Info.plist */ = {isa = PBXFileReference; lastKnownFileType = text.plist.xml; path = Info.plist; sourceTree = "<group>"; };
		8DF2421E1DAB912A006746BF /* RootViewController.h */ = {isa = PBXFileReference; fileEncoding = 4; lastKnownFileType = sourcecode.c.h; path = RootViewController.h; sourceTree = "<group>"; };
		8DF2421F1DAB912A006746BF /* RootViewController.m */ = {isa = PBXFileReference; fileEncoding = 4; lastKnownFileType = sourcecode.c.objc; path = RootViewController.m; sourceTree = "<group>"; };
		8DF242211DAB9197006746BF /* richTextEditor.html */ = {isa = PBXFileReference; fileEncoding = 4; lastKnownFileType = text.html; path = richTextEditor.html; sourceTree = "<group>"; };
/* End PBXFileReference section */

/* Begin PBXFrameworksBuildPhase section */
		8DF241E51DAB90EF006746BF /* Frameworks */ = {
			isa = PBXFrameworksBuildPhase;
			buildActionMask = 2147483647;
			files = (
			);
			runOnlyForDeploymentPostprocessing = 0;
		};
		8DF241FE1DAB90EF006746BF /* Frameworks */ = {
			isa = PBXFrameworksBuildPhase;
			buildActionMask = 2147483647;
			files = (
			);
			runOnlyForDeploymentPostprocessing = 0;
		};
		8DF242091DAB90EF006746BF /* Frameworks */ = {
			isa = PBXFrameworksBuildPhase;
			buildActionMask = 2147483647;
			files = (
			);
			runOnlyForDeploymentPostprocessing = 0;
		};
/* End PBXFrameworksBuildPhase section */

/* Begin PBXGroup section */
		8DF241DF1DAB90EF006746BF = {
			isa = PBXGroup;
			children = (
				8DF241EA1DAB90EF006746BF /* Steven_RichText */,
				8DF242041DAB90EF006746BF /* Steven_RichTextTests */,
				8DF2420F1DAB90EF006746BF /* Steven_RichTextUITests */,
				8DF241E91DAB90EF006746BF /* Products */,
			);
			sourceTree = "<group>";
		};
		8DF241E91DAB90EF006746BF /* Products */ = {
			isa = PBXGroup;
			children = (
				8DF241E81DAB90EF006746BF /* Steven_RichText.app */,
				8DF242011DAB90EF006746BF /* Steven_RichTextTests.xctest */,
				8DF2420C1DAB90EF006746BF /* Steven_RichTextUITests.xctest */,
			);
			name = Products;
			sourceTree = "<group>";
		};
		8DF241EA1DAB90EF006746BF /* Steven_RichText */ = {
			isa = PBXGroup;
			children = (
				8DF241EE1DAB90EF006746BF /* AppDelegate.h */,
				8DF241EF1DAB90EF006746BF /* AppDelegate.m */,
				8DF2421E1DAB912A006746BF /* RootViewController.h */,
				8DF2421F1DAB912A006746BF /* RootViewController.m */,
				8DF241F11DAB90EF006746BF /* ViewController.h */,
				8DF241F21DAB90EF006746BF /* ViewController.m */,
				8DF242211DAB9197006746BF /* richTextEditor.html */,
				8DF241F41DAB90EF006746BF /* Main.storyboard */,
				8DF241F71DAB90EF006746BF /* Assets.xcassets */,
				8DF241F91DAB90EF006746BF /* LaunchScreen.storyboard */,
				8DF241FC1DAB90EF006746BF /* Info.plist */,
				8DF241EB1DAB90EF006746BF /* Supporting Files */,
			);
			path = Steven_RichText;
			sourceTree = "<group>";
		};
		8DF241EB1DAB90EF006746BF /* Supporting Files */ = {
			isa = PBXGroup;
			children = (
				8DF241EC1DAB90EF006746BF /* main.m */,
			);
			name = "Supporting Files";
			sourceTree = "<group>";
		};
		8DF242041DAB90EF006746BF /* Steven_RichTextTests */ = {
			isa = PBXGroup;
			children = (
				8DF242051DAB90EF006746BF /* Steven_RichTextTests.m */,
				8DF242071DAB90EF006746BF /* Info.plist */,
			);
			path = Steven_RichTextTests;
			sourceTree = "<group>";
		};
		8DF2420F1DAB90EF006746BF /* Steven_RichTextUITests */ = {
			isa = PBXGroup;
			children = (
				8DF242101DAB90EF006746BF /* Steven_RichTextUITests.m */,
				8DF242121DAB90EF006746BF /* Info.plist */,
			);
			path = Steven_RichTextUITests;
			sourceTree = "<group>";
		};
/* End PBXGroup section */

/* Begin PBXNativeTarget section */
		8DF241E71DAB90EF006746BF /* Steven_RichText */ = {
			isa = PBXNativeTarget;
			buildConfigurationList = 8DF242151DAB90EF006746BF /* Build configuration list for PBXNativeTarget "Steven_RichText" */;
			buildPhases = (
				8DF241E41DAB90EF006746BF /* Sources */,
				8DF241E51DAB90EF006746BF /* Frameworks */,
				8DF241E61DAB90EF006746BF /* Resources */,
			);
			buildRules = (
			);
			dependencies = (
			);
			name = Steven_RichText;
			productName = Steven_RichText;
			productReference = 8DF241E81DAB90EF006746BF /* Steven_RichText.app */;
			productType = "com.apple.product-type.application";
		};
		8DF242001DAB90EF006746BF /* Steven_RichTextTests */ = {
			isa = PBXNativeTarget;
			buildConfigurationList = 8DF242181DAB90EF006746BF /* Build configuration list for PBXNativeTarget "Steven_RichTextTests" */;
			buildPhases = (
				8DF241FD1DAB90EF006746BF /* Sources */,
				8DF241FE1DAB90EF006746BF /* Frameworks */,
				8DF241FF1DAB90EF006746BF /* Resources */,
			);
			buildRules = (
			);
			dependencies = (
				8DF242031DAB90EF006746BF /* PBXTargetDependency */,
			);
			name = Steven_RichTextTests;
			productName = Steven_RichTextTests;
			productReference = 8DF242011DAB90EF006746BF /* Steven_RichTextTests.xctest */;
			productType = "com.apple.product-type.bundle.unit-test";
		};
		8DF2420B1DAB90EF006746BF /* Steven_RichTextUITests */ = {
			isa = PBXNativeTarget;
			buildConfigurationList = 8DF2421B1DAB90EF006746BF /* Build configuration list for PBXNativeTarget "Steven_RichTextUITests" */;
			buildPhases = (
				8DF242081DAB90EF006746BF /* Sources */,
				8DF242091DAB90EF006746BF /* Frameworks */,
				8DF2420A1DAB90EF006746BF /* Resources */,
			);
			buildRules = (
			);
			dependencies = (
				8DF2420E1DAB90EF006746BF /* PBXTargetDependency */,
			);
			name = Steven_RichTextUITests;
			productName = Steven_RichTextUITests;
			productReference = 8DF2420C1DAB90EF006746BF /* Steven_RichTextUITests.xctest */;
			productType = "com.apple.product-type.bundle.ui-testing";
		};
/* End PBXNativeTarget section */

/* Begin PBXProject section */
		8DF241E01DAB90EF006746BF /* Project object */ = {
			isa = PBXProject;
			attributes = {
				LastUpgradeCheck = 0730;
				ORGANIZATIONNAME = steven;
				TargetAttributes = {
					8DF241E71DAB90EF006746BF = {
						CreatedOnToolsVersion = 7.3.1;
					};
					8DF242001DAB90EF006746BF = {
						CreatedOnToolsVersion = 7.3.1;
						TestTargetID = 8DF241E71DAB90EF006746BF;
					};
					8DF2420B1DAB90EF006746BF = {
						CreatedOnToolsVersion = 7.3.1;
						TestTargetID = 8DF241E71DAB90EF006746BF;
					};
				};
			};
			buildConfigurationList = 8DF241E31DAB90EF006746BF /* Build configuration list for PBXProject "Steven_RichText" */;
			compatibilityVersion = "Xcode 3.2";
			developmentRegion = English;
			hasScannedForEncodings = 0;
			knownRegions = (
				en,
				Base,
			);
			mainGroup = 8DF241DF1DAB90EF006746BF;
			productRefGroup = 8DF241E91DAB90EF006746BF /* Products */;
			projectDirPath = "";
			projectRoot = "";
			targets = (
				8DF241E71DAB90EF006746BF /* Steven_RichText */,
				8DF242001DAB90EF006746BF /* Steven_RichTextTests */,
				8DF2420B1DAB90EF006746BF /* Steven_RichTextUITests */,
			);
		};
/* End PBXProject section */

/* Begin PBXResourcesBuildPhase section */
		8DF241E61DAB90EF006746BF /* Resources */ = {
			isa = PBXResourcesBuildPhase;
			buildActionMask = 2147483647;
			files = (
				8DF242221DAB9197006746BF /* richTextEditor.html in Resources */,
				8DF241FB1DAB90EF006746BF /* LaunchScreen.storyboard in Resources */,
				8DF241F81DAB90EF006746BF /* Assets.xcassets in Resources */,
				8DF241F61DAB90EF006746BF /* Main.storyboard in Resources */,
			);
			runOnlyForDeploymentPostprocessing = 0;
		};
		8DF241FF1DAB90EF006746BF /* Resources */ = {
			isa = PBXResourcesBuildPhase;
			buildActionMask = 2147483647;
			files = (
			);
			runOnlyForDeploymentPostprocessing = 0;
		};
		8DF2420A1DAB90EF006746BF /* Resources */ = {
			isa = PBXResourcesBuildPhase;
			buildActionMask = 2147483647;
			files = (
			);
			runOnlyForDeploymentPostprocessing = 0;
		};
/* End PBXResourcesBuildPhase section */

/* Begin PBXSourcesBuildPhase section */
		8DF241E41DAB90EF006746BF /* Sources */ = {
			isa = PBXSourcesBuildPhase;
			buildActionMask = 2147483647;
			files = (
				8DF241F31DAB90EF006746BF /* ViewController.m in Sources */,
				8DF241F01DAB90EF006746BF /* AppDelegate.m in Sources */,
				8DF242201DAB912A006746BF /* RootViewController.m in Sources */,
				8DF241ED1DAB90EF006746BF /* main.m in Sources */,
			);
			runOnlyForDeploymentPostprocessing = 0;
		};
		8DF241FD1DAB90EF006746BF /* Sources */ = {
			isa = PBXSourcesBuildPhase;
			buildActionMask = 2147483647;
			files = (
				8DF242061DAB90EF006746BF /* Steven_RichTextTests.m in Sources */,
			);
			runOnlyForDeploymentPostprocessing = 0;
		};
		8DF242081DAB90EF006746BF /* Sources */ = {
			isa = PBXSourcesBuildPhase;
			buildActionMask = 2147483647;
			files = (
				8DF242111DAB90EF006746BF /* Steven_RichTextUITests.m in Sources */,
			);
			runOnlyForDeploymentPostprocessing = 0;
		};
/* End PBXSourcesBuildPhase section */

/* Begin PBXTargetDependency section */
		8DF242031DAB90EF006746BF /* PBXTargetDependency */ = {
			isa = PBXTargetDependency;
			target = 8DF241E71DAB90EF006746BF /* Steven_RichText */;
			targetProxy = 8DF242021DAB90EF006746BF /* PBXContainerItemProxy */;
		};
		8DF2420E1DAB90EF006746BF /* PBXTargetDependency */ = {
			isa = PBXTargetDependency;
			target = 8DF241E71DAB90EF006746BF /* Steven_RichText */;
			targetProxy = 8DF2420D1DAB90EF006746BF /* PBXContainerItemProxy */;
		};
/* End PBXTargetDependency section */

/* Begin PBXVariantGroup section */
		8DF241F41DAB90EF006746BF /* Main.storyboard */ = {
			isa = PBXVariantGroup;
			children = (
				8DF241F51DAB90EF006746BF /* Base */,
			);
			name = Main.storyboard;
			sourceTree = "<group>";
		};
		8DF241F91DAB90EF006746BF /* LaunchScreen.storyboard */ = {
			isa = PBXVariantGroup;
			children = (
				8DF241FA1DAB90EF006746BF /* Base */,
			);
			name = LaunchScreen.storyboard;
			sourceTree = "<group>";
		};
/* End PBXVariantGroup section */

/* Begin XCBuildConfiguration section */
		8DF242131DAB90EF006746BF /* Debug */ = {
			isa = XCBuildConfiguration;
			buildSettings = {
				ALWAYS_SEARCH_USER_PATHS = NO;
				CLANG_ANALYZER_NONNULL = YES;
				CLANG_CXX_LANGUAGE_STANDARD = "gnu++0x";
				CLANG_CXX_LIBRARY = "libc++";
				CLANG_ENABLE_MODULES = YES;
				CLANG_ENABLE_OBJC_ARC = YES;
				CLANG_WARN_BOOL_CONVERSION = YES;
				CLANG_WARN_CONSTANT_CONVERSION = YES;
				CLANG_WARN_DIRECT_OBJC_ISA_USAGE = YES_ERROR;
				CLANG_WARN_EMPTY_BODY = YES;
				CLANG_WARN_ENUM_CONVERSION = YES;
				CLANG_WARN_INT_CONVERSION = YES;
				CLANG_WARN_OBJC_ROOT_CLASS = YES_ERROR;
				CLANG_WARN_UNREACHABLE_CODE = YES;
				CLANG_WARN__DUPLICATE_METHOD_MATCH = YES;
				"CODE_SIGN_IDENTITY[sdk=iphoneos*]" = "iPhone Developer";
				COPY_PHASE_STRIP = NO;
				DEBUG_INFORMATION_FORMAT = dwarf;
				ENABLE_STRICT_OBJC_MSGSEND = YES;
				ENABLE_TESTABILITY = YES;
				GCC_C_LANGUAGE_STANDARD = gnu99;
				GCC_DYNAMIC_NO_PIC = NO;
				GCC_NO_COMMON_BLOCKS = YES;
				GCC_OPTIMIZATION_LEVEL = 0;
				GCC_PREPROCESSOR_DEFINITIONS = (
					"DEBUG=1",
					"$(inherited)",
				);
				GCC_WARN_64_TO_32_BIT_CONVERSION = YES;
				GCC_WARN_ABOUT_RETURN_TYPE = YES_ERROR;
				GCC_WARN_UNDECLARED_SELECTOR = YES;
				GCC_WARN_UNINITIALIZED_AUTOS = YES_AGGRESSIVE;
				GCC_WARN_UNUSED_FUNCTION = YES;
				GCC_WARN_UNUSED_VARIABLE = YES;
				IPHONEOS_DEPLOYMENT_TARGET = 9.3;
				MTL_ENABLE_DEBUG_INFO = YES;
				ONLY_ACTIVE_ARCH = YES;
				SDKROOT = iphoneos;
			};
			name = Debug;
		};
		8DF242141DAB90EF006746BF /* Release */ = {
			isa = XCBuildConfiguration;
			buildSettings = {
				ALWAYS_SEARCH_USER_PATHS = NO;
				CLANG_ANALYZER_NONNULL = YES;
				CLANG_CXX_LANGUAGE_STANDARD = "gnu++0x";
				CLANG_CXX_LIBRARY = "libc++";
				CLANG_ENABLE_MODULES = YES;
				CLANG_ENABLE_OBJC_ARC = YES;
				CLANG_WARN_BOOL_CONVERSION = YES;
				CLANG_WARN_CONSTANT_CONVERSION = YES;
				CLANG_WARN_DIRECT_OBJC_ISA_USAGE = YES_ERROR;
				CLANG_WARN_EMPTY_BODY = YES;
				CLANG_WARN_ENUM_CONVERSION = YES;
				CLANG_WARN_INT_CONVERSION = YES;
				CLANG_WARN_OBJC_ROOT_CLASS = YES_ERROR;
				CLANG_WARN_UNREACHABLE_CODE = YES;
				CLANG_WARN__DUPLICATE_METHOD_MATCH = YES;
				"CODE_SIGN_IDENTITY[sdk=iphoneos*]" = "iPhone Developer";
				COPY_PHASE_STRIP = NO;
				DEBUG_INFORMATION_FORMAT = "dwarf-with-dsym";
				ENABLE_NS_ASSERTIONS = NO;
				ENABLE_STRICT_OBJC_MSGSEND = YES;
				GCC_C_LANGUAGE_STANDARD = gnu99;
				GCC_NO_COMMON_BLOCKS = YES;
				GCC_WARN_64_TO_32_BIT_CONVERSION = YES;
				GCC_WARN_ABOUT_RETURN_TYPE = YES_ERROR;
				GCC_WARN_UNDECLARED_SELECTOR = YES;
				GCC_WARN_UNINITIALIZED_AUTOS = YES_AGGRESSIVE;
				GCC_WARN_UNUSED_FUNCTION = YES;
				GCC_WARN_UNUSED_VARIABLE = YES;
				IPHONEOS_DEPLOYMENT_TARGET = 9.3;
				MTL_ENABLE_DEBUG_INFO = NO;
				SDKROOT = iphoneos;
				VALIDATE_PRODUCT = YES;
			};
			name = Release;
		};
		8DF242161DAB90EF006746BF /* Debug */ = {
			isa = XCBuildConfiguration;
			buildSettings = {
				ASSETCATALOG_COMPILER_APPICON_NAME = AppIcon;
				INFOPLIST_FILE = Steven_RichText/Info.plist;
				LD_RUNPATH_SEARCH_PATHS = "$(inherited) @executable_path/Frameworks";
				PRODUCT_BUNDLE_IDENTIFIER = "com.freechou.Steven-RichText";
				PRODUCT_NAME = "$(TARGET_NAME)";
			};
			name = Debug;
		};
		8DF242171DAB90EF006746BF /* Release */ = {
			isa = XCBuildConfiguration;
			buildSettings = {
				ASSETCATALOG_COMPILER_APPICON_NAME = AppIcon;
				INFOPLIST_FILE = Steven_RichText/Info.plist;
				LD_RUNPATH_SEARCH_PATHS = "$(inherited) @executable_path/Frameworks";
				PRODUCT_BUNDLE_IDENTIFIER = "com.freechou.Steven-RichText";
				PRODUCT_NAME = "$(TARGET_NAME)";
			};
			name = Release;
		};
		8DF242191DAB90EF006746BF /* Debug */ = {
			isa = XCBuildConfiguration;
			buildSettings = {
				BUNDLE_LOADER = "$(TEST_HOST)";
				INFOPLIST_FILE = Steven_RichTextTests/Info.plist;
				LD_RUNPATH_SEARCH_PATHS = "$(inherited) @executable_path/Frameworks @loader_path/Frameworks";
				PRODUCT_BUNDLE_IDENTIFIER = "com.freechou.Steven-RichTextTests";
				PRODUCT_NAME = "$(TARGET_NAME)";
				TEST_HOST = "$(BUILT_PRODUCTS_DIR)/Steven_RichText.app/Steven_RichText";
			};
			name = Debug;
		};
		8DF2421A1DAB90EF006746BF /* Release */ = {
			isa = XCBuildConfiguration;
			buildSettings = {
				BUNDLE_LOADER = "$(TEST_HOST)";
				INFOPLIST_FILE = Steven_RichTextTests/Info.plist;
				LD_RUNPATH_SEARCH_PATHS = "$(inherited) @executable_path/Frameworks @loader_path/Frameworks";
				PRODUCT_BUNDLE_IDENTIFIER = "com.freechou.Steven-RichTextTests";
				PRODUCT_NAME = "$(TARGET_NAME)";
				TEST_HOST = "$(BUILT_PRODUCTS_DIR)/Steven_RichText.app/Steven_RichText";
			};
			name = Release;
		};
		8DF2421C1DAB90EF006746BF /* Debug */ = {
			isa = XCBuildConfiguration;
			buildSettings = {
				INFOPLIST_FILE = Steven_RichTextUITests/Info.plist;
				LD_RUNPATH_SEARCH_PATHS = "$(inherited) @executable_path/Frameworks @loader_path/Frameworks";
				PRODUCT_BUNDLE_IDENTIFIER = "com.freechou.Steven-RichTextUITests";
				PRODUCT_NAME = "$(TARGET_NAME)";
				TEST_TARGET_NAME = Steven_RichText;
			};
			name = Debug;
		};
		8DF2421D1DAB90EF006746BF /* Release */ = {
			isa = XCBuildConfiguration;
			buildSettings = {
				INFOPLIST_FILE = Steven_RichTextUITests/Info.plist;
				LD_RUNPATH_SEARCH_PATHS = "$(inherited) @executable_path/Frameworks @loader_path/Frameworks";
				PRODUCT_BUNDLE_IDENTIFIER = "com.freechou.Steven-RichTextUITests";
				PRODUCT_NAME = "$(TARGET_NAME)";
				TEST_TARGET_NAME = Steven_RichText;
			};
			name = Release;
		};
/* End XCBuildConfiguration section */

/* Begin XCConfigurationList section */
		8DF241E31DAB90EF006746BF /* Build configuration list for PBXProject "Steven_RichText" */ = {
			isa = XCConfigurationList;
			buildConfigurations = (
				8DF242131DAB90EF006746BF /* Debug */,
				8DF242141DAB90EF006746BF /* Release */,
			);
			defaultConfigurationIsVisible = 0;
			defaultConfigurationName = Release;
		};
		8DF242151DAB90EF006746BF /* Build configuration list for PBXNativeTarget "Steven_RichText" */ = {
			isa = XCConfigurationList;
			buildConfigurations = (
				8DF242161DAB90EF006746BF /* Debug */,
				8DF242171DAB90EF006746BF /* Release */,
			);
			defaultConfigurationIsVisible = 0;
		};
		8DF242181DAB90EF006746BF /* Build configuration list for PBXNativeTarget "Steven_RichTextTests" */ = {
			isa = XCConfigurationList;
			buildConfigurations = (
				8DF242191DAB90EF006746BF /* Debug */,
				8DF2421A1DAB90EF006746BF /* Release */,
			);
			defaultConfigurationIsVisible = 0;
		};
		8DF2421B1DAB90EF006746BF /* Build configuration list for PBXNativeTarget "Steven_RichTextUITests" */ = {
			isa = XCConfigurationList;
			buildConfigurations = (
				8DF2421C1DAB90EF006746BF /* Debug */,
				8DF2421D1DAB90EF006746BF /* Release */,
			);
			defaultConfigurationIsVisible = 0;
		};
/* End XCConfigurationList section */
	};
	rootObject = 8DF241E01DAB90EF006746BF /* Project object */;
}
